// !$*UTF8*$!
{
	archiveVersion = 1;
	classes = {
	};
	objectVersion = 56;
	objects = {

/* Begin PBXBuildFile section */
		9615165429759F01003BE2A5 /* AppDelegate.swift in Sources */ = {isa = PBXBuildFile; fileRef = 9615165329759F01003BE2A5 /* AppDelegate.swift */; };
		9615165B29759F01003BE2A5 /* Main.storyboard in Resources */ = {isa = PBXBuildFile; fileRef = 9615165929759F01003BE2A5 /* Main.storyboard */; };
		9615165E29759F01003BE2A5 /* SimpraCaseStudy.xcdatamodeld in Sources */ = {isa = PBXBuildFile; fileRef = 9615165C29759F01003BE2A5 /* SimpraCaseStudy.xcdatamodeld */; };
		9615166029759F02003BE2A5 /* Assets.xcassets in Resources */ = {isa = PBXBuildFile; fileRef = 9615165F29759F02003BE2A5 /* Assets.xcassets */; };
		9615166329759F02003BE2A5 /* LaunchScreen.storyboard in Resources */ = {isa = PBXBuildFile; fileRef = 9615166129759F02003BE2A5 /* LaunchScreen.storyboard */; };
		9646FD49297BF6DC005169FF /* Kingfisher in Frameworks */ = {isa = PBXBuildFile; productRef = 9646FD48297BF6DC005169FF /* Kingfisher */; };
		9646FD4C297BF70E005169FF /* Alamofire in Frameworks */ = {isa = PBXBuildFile; productRef = 9646FD4B297BF70E005169FF /* Alamofire */; };
		965AE7FC297C0684008A2705 /* InternetManager.swift in Sources */ = {isa = PBXBuildFile; fileRef = 965AE7FB297C0684008A2705 /* InternetManager.swift */; };
		965AE7FE297C06B9008A2705 /* ApiData.swift in Sources */ = {isa = PBXBuildFile; fileRef = 965AE7FD297C06B9008A2705 /* ApiData.swift */; };
		965AE800297C06FF008A2705 /* ListViewController.swift in Sources */ = {isa = PBXBuildFile; fileRef = 965AE7FF297C06FF008A2705 /* ListViewController.swift */; };
		965AE802297C0764008A2705 /* ListViewControllerTableHelper.swift in Sources */ = {isa = PBXBuildFile; fileRef = 965AE801297C0764008A2705 /* ListViewControllerTableHelper.swift */; };
		965AE804297C078D008A2705 /* ListModel.swift in Sources */ = {isa = PBXBuildFile; fileRef = 965AE803297C078D008A2705 /* ListModel.swift */; };
		965AE806297C07AD008A2705 /* ListViewModel.swift in Sources */ = {isa = PBXBuildFile; fileRef = 965AE805297C07AD008A2705 /* ListViewModel.swift */; };
		965AE809297C0819008A2705 /* ListCell.swift in Sources */ = {isa = PBXBuildFile; fileRef = 965AE807297C0819008A2705 /* ListCell.swift */; };
		965AE80A297C0819008A2705 /* ListCell.xib in Resources */ = {isa = PBXBuildFile; fileRef = 965AE808297C0819008A2705 /* ListCell.xib */; };
/* End PBXBuildFile section */

/* Begin PBXFileReference section */
		9615165029759F01003BE2A5 /* SimpraCaseStudy.app */ = {isa = PBXFileReference; explicitFileType = wrapper.application; includeInIndex = 0; path = SimpraCaseStudy.app; sourceTree = BUILT_PRODUCTS_DIR; };
		9615165329759F01003BE2A5 /* AppDelegate.swift */ = {isa = PBXFileReference; lastKnownFileType = sourcecode.swift; path = AppDelegate.swift; sourceTree = "<group>"; };
		9615165A29759F01003BE2A5 /* Base */ = {isa = PBXFileReference; lastKnownFileType = file.storyboard; name = Base; path = Base.lproj/Main.storyboard; sourceTree = "<group>"; };
		9615165D29759F01003BE2A5 /* SimpraCaseStudy.xcdatamodel */ = {isa = PBXFileReference; lastKnownFileType = wrapper.xcdatamodel; path = SimpraCaseStudy.xcdatamodel; sourceTree = "<group>"; };
		9615165F29759F02003BE2A5 /* Assets.xcassets */ = {isa = PBXFileReference; lastKnownFileType = folder.assetcatalog; path = Assets.xcassets; sourceTree = "<group>"; };
		9615166229759F02003BE2A5 /* Base */ = {isa = PBXFileReference; lastKnownFileType = file.storyboard; name = Base; path = Base.lproj/LaunchScreen.storyboard; sourceTree = "<group>"; };
		9615166429759F02003BE2A5 /* Info.plist */ = {isa = PBXFileReference; lastKnownFileType = text.plist.xml; path = Info.plist; sourceTree = "<group>"; };
		965AE7FB297C0684008A2705 /* InternetManager.swift */ = {isa = PBXFileReference; lastKnownFileType = sourcecode.swift; path = InternetManager.swift; sourceTree = "<group>"; };
		965AE7FD297C06B9008A2705 /* ApiData.swift */ = {isa = PBXFileReference; lastKnownFileType = sourcecode.swift; path = ApiData.swift; sourceTree = "<group>"; };
		965AE7FF297C06FF008A2705 /* ListViewController.swift */ = {isa = PBXFileReference; lastKnownFileType = sourcecode.swift; path = ListViewController.swift; sourceTree = "<group>"; };
		965AE801297C0764008A2705 /* ListViewControllerTableHelper.swift */ = {isa = PBXFileReference; lastKnownFileType = sourcecode.swift; path = ListViewControllerTableHelper.swift; sourceTree = "<group>"; };
		965AE803297C078D008A2705 /* ListModel.swift */ = {isa = PBXFileReference; lastKnownFileType = sourcecode.swift; path = ListModel.swift; sourceTree = "<group>"; };
		965AE805297C07AD008A2705 /* ListViewModel.swift */ = {isa = PBXFileReference; lastKnownFileType = sourcecode.swift; path = ListViewModel.swift; sourceTree = "<group>"; };
		965AE807297C0819008A2705 /* ListCell.swift */ = {isa = PBXFileReference; lastKnownFileType = sourcecode.swift; path = ListCell.swift; sourceTree = "<group>"; };
		965AE808297C0819008A2705 /* ListCell.xib */ = {isa = PBXFileReference; lastKnownFileType = file.xib; path = ListCell.xib; sourceTree = "<group>"; };
/* End PBXFileReference section */

/* Begin PBXFrameworksBuildPhase section */
		9615164D29759F01003BE2A5 /* Frameworks */ = {
			isa = PBXFrameworksBuildPhase;
			buildActionMask = 2147483647;
			files = (
				9646FD49297BF6DC005169FF /* Kingfisher in Frameworks */,
				9646FD4C297BF70E005169FF /* Alamofire in Frameworks */,
			);
			runOnlyForDeploymentPostprocessing = 0;
		};
/* End PBXFrameworksBuildPhase section */

/* Begin PBXGroup section */
		9615164729759F01003BE2A5 = {
			isa = PBXGroup;
			children = (
				9615165229759F01003BE2A5 /* SimpraCaseStudy */,
				9615165129759F01003BE2A5 /* Products */,
			);
			sourceTree = "<group>";
		};
		9615165129759F01003BE2A5 /* Products */ = {
			isa = PBXGroup;
			children = (
				9615165029759F01003BE2A5 /* SimpraCaseStudy.app */,
			);
			name = Products;
			sourceTree = "<group>";
		};
		9615165229759F01003BE2A5 /* SimpraCaseStudy */ = {
			isa = PBXGroup;
			children = (
				9646FD46297BF6A4005169FF /* Modules */,
				9646FD45297BF381005169FF /* Resources */,
				9646FD44297BF378005169FF /* Extensions */,
				9646FD43297BF36F005169FF /* Managers */,
				9615165329759F01003BE2A5 /* AppDelegate.swift */,
				9615165929759F01003BE2A5 /* Main.storyboard */,
				9615166129759F02003BE2A5 /* LaunchScreen.storyboard */,
			);
			path = SimpraCaseStudy;
			sourceTree = "<group>";
		};
		9646FD43297BF36F005169FF /* Managers */ = {
			isa = PBXGroup;
			children = (
				965AE7FB297C0684008A2705 /* InternetManager.swift */,
			);
			path = Managers;
			sourceTree = "<group>";
		};
		9646FD44297BF378005169FF /* Extensions */ = {
			isa = PBXGroup;
			children = (
			);
			path = Extensions;
			sourceTree = "<group>";
		};
		9646FD45297BF381005169FF /* Resources */ = {
			isa = PBXGroup;
			children = (
				9615165C29759F01003BE2A5 /* SimpraCaseStudy.xcdatamodeld */,
				9615165F29759F02003BE2A5 /* Assets.xcassets */,
				9615166429759F02003BE2A5 /* Info.plist */,
			);
			path = Resources;
			sourceTree = "<group>";
		};
		9646FD46297BF6A4005169FF /* Modules */ = {
			isa = PBXGroup;
			children = (
				965AE7F4297C009C008A2705 /* List */,
			);
			path = Modules;
			sourceTree = "<group>";
		};
		965AE7F4297C009C008A2705 /* List */ = {
			isa = PBXGroup;
			children = (
				965AE7F5297C05C0008A2705 /* MVVM */,
			);
			path = List;
			sourceTree = "<group>";
		};
		965AE7F5297C05C0008A2705 /* MVVM */ = {
			isa = PBXGroup;
			children = (
				965AE7F7297C05F1008A2705 /* APIDataModel */,
				965AE7F8297C05FE008A2705 /* View */,
				965AE803297C078D008A2705 /* ListModel.swift */,
				965AE805297C07AD008A2705 /* ListViewModel.swift */,
			);
			path = MVVM;
			sourceTree = "<group>";
		};
		965AE7F7297C05F1008A2705 /* APIDataModel */ = {
			isa = PBXGroup;
			children = (
				965AE7FD297C06B9008A2705 /* ApiData.swift */,
			);
			path = APIDataModel;
			sourceTree = "<group>";
		};
		965AE7F8297C05FE008A2705 /* View */ = {
			isa = PBXGroup;
			children = (
				965AE7F9297C0611008A2705 /* Cell */,
				965AE7FF297C06FF008A2705 /* ListViewController.swift */,
				965AE801297C0764008A2705 /* ListViewControllerTableHelper.swift */,
			);
			path = View;
			sourceTree = "<group>";
		};
		965AE7F9297C0611008A2705 /* Cell */ = {
			isa = PBXGroup;
			children = (
				965AE807297C0819008A2705 /* ListCell.swift */,
				965AE808297C0819008A2705 /* ListCell.xib */,
			);
			path = Cell;
			sourceTree = "<group>";
		};
/* End PBXGroup section */

/* Begin PBXNativeTarget section */
		9615164F29759F01003BE2A5 /* SimpraCaseStudy */ = {
			isa = PBXNativeTarget;
			buildConfigurationList = 9615166729759F02003BE2A5 /* Build configuration list for PBXNativeTarget "SimpraCaseStudy" */;
			buildPhases = (
				9615164C29759F01003BE2A5 /* Sources */,
				9615164D29759F01003BE2A5 /* Frameworks */,
				9615164E29759F01003BE2A5 /* Resources */,
			);
			buildRules = (
			);
			dependencies = (
			);
			name = SimpraCaseStudy;
			packageProductDependencies = (
				9646FD48297BF6DC005169FF /* Kingfisher */,
				9646FD4B297BF70E005169FF /* Alamofire */,
			);
			productName = SimpraCaseStudy;
			productReference = 9615165029759F01003BE2A5 /* SimpraCaseStudy.app */;
			productType = "com.apple.product-type.application";
		};
/* End PBXNativeTarget section */

/* Begin PBXProject section */
		9615164829759F01003BE2A5 /* Project object */ = {
			isa = PBXProject;
			attributes = {
				BuildIndependentTargetsInParallel = 1;
				LastSwiftUpdateCheck = 1420;
				LastUpgradeCheck = 1420;
				TargetAttributes = {
					9615164F29759F01003BE2A5 = {
						CreatedOnToolsVersion = 14.2;
					};
				};
			};
			buildConfigurationList = 9615164B29759F01003BE2A5 /* Build configuration list for PBXProject "SimpraCaseStudy" */;
			compatibilityVersion = "Xcode 14.0";
			developmentRegion = en;
			hasScannedForEncodings = 0;
			knownRegions = (
				en,
				Base,
			);
			mainGroup = 9615164729759F01003BE2A5;
			packageReferences = (
				9646FD47297BF6DC005169FF /* XCRemoteSwiftPackageReference "Kingfisher" */,
				9646FD4A297BF70E005169FF /* XCRemoteSwiftPackageReference "Alamofire" */,
			);
			productRefGroup = 9615165129759F01003BE2A5 /* Products */;
			projectDirPath = "";
			projectRoot = "";
			targets = (
				9615164F29759F01003BE2A5 /* SimpraCaseStudy */,
			);
		};
/* End PBXProject section */

/* Begin PBXResourcesBuildPhase section */
		9615164E29759F01003BE2A5 /* Resources */ = {
			isa = PBXResourcesBuildPhase;
			buildActionMask = 2147483647;
			files = (
				9615166329759F02003BE2A5 /* LaunchScreen.storyboard in Resources */,
				965AE80A297C0819008A2705 /* ListCell.xib in Resources */,
				9615166029759F02003BE2A5 /* Assets.xcassets in Resources */,
				9615165B29759F01003BE2A5 /* Main.storyboard in Resources */,
			);
			runOnlyForDeploymentPostprocessing = 0;
		};
/* End PBXResourcesBuildPhase section */

/* Begin PBXSourcesBuildPhase section */
		9615164C29759F01003BE2A5 /* Sources */ = {
			isa = PBXSourcesBuildPhase;
			buildActionMask = 2147483647;
			files = (
				965AE7FC297C0684008A2705 /* InternetManager.swift in Sources */,
				965AE7FE297C06B9008A2705 /* ApiData.swift in Sources */,
				965AE809297C0819008A2705 /* ListCell.swift in Sources */,
				965AE802297C0764008A2705 /* ListViewControllerTableHelper.swift in Sources */,
				9615165E29759F01003BE2A5 /* SimpraCaseStudy.xcdatamodeld in Sources */,
				965AE806297C07AD008A2705 /* ListViewModel.swift in Sources */,
				9615165429759F01003BE2A5 /* AppDelegate.swift in Sources */,
				965AE800297C06FF008A2705 /* ListViewController.swift in Sources */,
				965AE804297C078D008A2705 /* ListModel.swift in Sources */,
			);
			runOnlyForDeploymentPostprocessing = 0;
		};
/* End PBXSourcesBuildPhase section */

/* Begin PBXVariantGroup section */
		9615165929759F01003BE2A5 /* Main.storyboard */ = {
			isa = PBXVariantGroup;
			children = (
				9615165A29759F01003BE2A5 /* Base */,
			);
			name = Main.storyboard;
			sourceTree = "<group>";
		};
		9615166129759F02003BE2A5 /* LaunchScreen.storyboard */ = {
			isa = PBXVariantGroup;
			children = (
				9615166229759F02003BE2A5 /* Base */,
			);
			name = LaunchScreen.storyboard;
			sourceTree = "<group>";
		};
/* End PBXVariantGroup section */

/* Begin XCBuildConfiguration section */
		9615166529759F02003BE2A5 /* Debug */ = {
			isa = XCBuildConfiguration;
			buildSettings = {
				ALWAYS_SEARCH_USER_PATHS = NO;
				CLANG_ANALYZER_NONNULL = YES;
				CLANG_ANALYZER_NUMBER_OBJECT_CONVERSION = YES_AGGRESSIVE;
				CLANG_CXX_LANGUAGE_STANDARD = "gnu++20";
				CLANG_ENABLE_MODULES = YES;
				CLANG_ENABLE_OBJC_ARC = YES;
				CLANG_ENABLE_OBJC_WEAK = YES;
				CLANG_WARN_BLOCK_CAPTURE_AUTORELEASING = YES;
				CLANG_WARN_BOOL_CONVERSION = YES;
				CLANG_WARN_COMMA = YES;
				CLANG_WARN_CONSTANT_CONVERSION = YES;
				CLANG_WARN_DEPRECATED_OBJC_IMPLEMENTATIONS = YES;
				CLANG_WARN_DIRECT_OBJC_ISA_USAGE = YES_ERROR;
				CLANG_WARN_DOCUMENTATION_COMMENTS = YES;
				CLANG_WARN_EMPTY_BODY = YES;
				CLANG_WARN_ENUM_CONVERSION = YES;
				CLANG_WARN_INFINITE_RECURSION = YES;
				CLANG_WARN_INT_CONVERSION = YES;
				CLANG_WARN_NON_LITERAL_NULL_CONVERSION = YES;
				CLANG_WARN_OBJC_IMPLICIT_RETAIN_SELF = YES;
				CLANG_WARN_OBJC_LITERAL_CONVERSION = YES;
				CLANG_WARN_OBJC_ROOT_CLASS = YES_ERROR;
				CLANG_WARN_QUOTED_INCLUDE_IN_FRAMEWORK_HEADER = YES;
				CLANG_WARN_RANGE_LOOP_ANALYSIS = YES;
				CLANG_WARN_STRICT_PROTOTYPES = YES;
				CLANG_WARN_SUSPICIOUS_MOVE = YES;
				CLANG_WARN_UNGUARDED_AVAILABILITY = YES_AGGRESSIVE;
				CLANG_WARN_UNREACHABLE_CODE = YES;
				CLANG_WARN__DUPLICATE_METHOD_MATCH = YES;
				COPY_PHASE_STRIP = NO;
				DEBUG_INFORMATION_FORMAT = dwarf;
				ENABLE_STRICT_OBJC_MSGSEND = YES;
				ENABLE_TESTABILITY = YES;
				GCC_C_LANGUAGE_STANDARD = gnu11;
				GCC_DYNAMIC_NO_PIC = NO;
				GCC_NO_COMMON_BLOCKS = YES;
				GCC_OPTIMIZATION_LEVEL = 0;
				GCC_PREPROCESSOR_DEFINITIONS = (
					"DEBUG=1",
					"$(inherited)",
				);
				GCC_WARN_64_TO_32_BIT_CONVERSION = YES;
				GCC_WARN_ABOUT_RETURN_TYPE = YES_ERROR;
				GCC_WARN_UNDECLARED_SELECTOR = YES;
				GCC_WARN_UNINITIALIZED_AUTOS = YES_AGGRESSIVE;
				GCC_WARN_UNUSED_FUNCTION = YES;
				GCC_WARN_UNUSED_VARIABLE = YES;
				IPHONEOS_DEPLOYMENT_TARGET = 16.2;
				MTL_ENABLE_DEBUG_INFO = INCLUDE_SOURCE;
				MTL_FAST_MATH = YES;
				ONLY_ACTIVE_ARCH = YES;
				SDKROOT = iphoneos;
				SWIFT_ACTIVE_COMPILATION_CONDITIONS = DEBUG;
				SWIFT_OPTIMIZATION_LEVEL = "-Onone";
			};
			name = Debug;
		};
		9615166629759F02003BE2A5 /* Release */ = {
			isa = XCBuildConfiguration;
			buildSettings = {
				ALWAYS_SEARCH_USER_PATHS = NO;
				CLANG_ANALYZER_NONNULL = YES;
				CLANG_ANALYZER_NUMBER_OBJECT_CONVERSION = YES_AGGRESSIVE;
				CLANG_CXX_LANGUAGE_STANDARD = "gnu++20";
				CLANG_ENABLE_MODULES = YES;
				CLANG_ENABLE_OBJC_ARC = YES;
				CLANG_ENABLE_OBJC_WEAK = YES;
				CLANG_WARN_BLOCK_CAPTURE_AUTORELEASING = YES;
				CLANG_WARN_BOOL_CONVERSION = YES;
				CLANG_WARN_COMMA = YES;
				CLANG_WARN_CONSTANT_CONVERSION = YES;
				CLANG_WARN_DEPRECATED_OBJC_IMPLEMENTATIONS = YES;
				CLANG_WARN_DIRECT_OBJC_ISA_USAGE = YES_ERROR;
				CLANG_WARN_DOCUMENTATION_COMMENTS = YES;
				CLANG_WARN_EMPTY_BODY = YES;
				CLANG_WARN_ENUM_CONVERSION = YES;
				CLANG_WARN_INFINITE_RECURSION = YES;
				CLANG_WARN_INT_CONVERSION = YES;
				CLANG_WARN_NON_LITERAL_NULL_CONVERSION = YES;
				CLANG_WARN_OBJC_IMPLICIT_RETAIN_SELF = YES;
				CLANG_WARN_OBJC_LITERAL_CONVERSION = YES;
				CLANG_WARN_OBJC_ROOT_CLASS = YES_ERROR;
				CLANG_WARN_QUOTED_INCLUDE_IN_FRAMEWORK_HEADER = YES;
				CLANG_WARN_RANGE_LOOP_ANALYSIS = YES;
				CLANG_WARN_STRICT_PROTOTYPES = YES;
				CLANG_WARN_SUSPICIOUS_MOVE = YES;
				CLANG_WARN_UNGUARDED_AVAILABILITY = YES_AGGRESSIVE;
				CLANG_WARN_UNREACHABLE_CODE = YES;
				CLANG_WARN__DUPLICATE_METHOD_MATCH = YES;
				COPY_PHASE_STRIP = NO;
				DEBUG_INFORMATION_FORMAT = "dwarf-with-dsym";
				ENABLE_NS_ASSERTIONS = NO;
				ENABLE_STRICT_OBJC_MSGSEND = YES;
				GCC_C_LANGUAGE_STANDARD = gnu11;
				GCC_NO_COMMON_BLOCKS = YES;
				GCC_WARN_64_TO_32_BIT_CONVERSION = YES;
				GCC_WARN_ABOUT_RETURN_TYPE = YES_ERROR;
				GCC_WARN_UNDECLARED_SELECTOR = YES;
				GCC_WARN_UNINITIALIZED_AUTOS = YES_AGGRESSIVE;
				GCC_WARN_UNUSED_FUNCTION = YES;
				GCC_WARN_UNUSED_VARIABLE = YES;
				IPHONEOS_DEPLOYMENT_TARGET = 16.2;
				MTL_ENABLE_DEBUG_INFO = NO;
				MTL_FAST_MATH = YES;
				SDKROOT = iphoneos;
				SWIFT_COMPILATION_MODE = wholemodule;
				SWIFT_OPTIMIZATION_LEVEL = "-O";
				VALIDATE_PRODUCT = YES;
			};
			name = Release;
		};
		9615166829759F02003BE2A5 /* Debug */ = {
			isa = XCBuildConfiguration;
			buildSettings = {
				ASSETCATALOG_COMPILER_APPICON_NAME = AppIcon;
				ASSETCATALOG_COMPILER_GLOBAL_ACCENT_COLOR_NAME = AccentColor;
				CODE_SIGN_STYLE = Automatic;
				CURRENT_PROJECT_VERSION = 1;
				DEVELOPMENT_TEAM = GQM8T6BKPB;
				GENERATE_INFOPLIST_FILE = YES;
				INFOPLIST_FILE = SimpraCaseStudy/Resources/Info.plist;
				INFOPLIST_KEY_UIApplicationSupportsIndirectInputEvents = YES;
				INFOPLIST_KEY_UILaunchStoryboardName = LaunchScreen;
				INFOPLIST_KEY_UIMainStoryboardFile = Main;
				INFOPLIST_KEY_UISupportedInterfaceOrientations = UIInterfaceOrientationPortrait;
				INFOPLIST_KEY_UISupportedInterfaceOrientations_iPad = "UIInterfaceOrientationLandscapeLeft UIInterfaceOrientationLandscapeRight UIInterfaceOrientationPortrait UIInterfaceOrientationPortraitUpsideDown";
				IPHONEOS_DEPLOYMENT_TARGET = 13.0;
				LD_RUNPATH_SEARCH_PATHS = (
					"$(inherited)",
					"@executable_path/Frameworks",
				);
				MARKETING_VERSION = 1.0;
				PRODUCT_BUNDLE_IDENTIFIER = osman.sefa.ibis.SimpraCaseStudy;
				PRODUCT_NAME = "$(TARGET_NAME)";
				SUPPORTED_PLATFORMS = "iphoneos iphonesimulator";
				SUPPORTS_MACCATALYST = NO;
				SUPPORTS_MAC_DESIGNED_FOR_IPHONE_IPAD = NO;
				SWIFT_EMIT_LOC_STRINGS = YES;
				SWIFT_VERSION = 5.0;
				TARGETED_DEVICE_FAMILY = 1;
			};
			name = Debug;
		};
		9615166929759F02003BE2A5 /* Release */ = {
			isa = XCBuildConfiguration;
			buildSettings = {
				ASSETCATALOG_COMPILER_APPICON_NAME = AppIcon;
				ASSETCATALOG_COMPILER_GLOBAL_ACCENT_COLOR_NAME = AccentColor;
				CODE_SIGN_STYLE = Automatic;
				CURRENT_PROJECT_VERSION = 1;
				DEVELOPMENT_TEAM = GQM8T6BKPB;
				GENERATE_INFOPLIST_FILE = YES;
				INFOPLIST_FILE = SimpraCaseStudy/Resources/Info.plist;
				INFOPLIST_KEY_UIApplicationSupportsIndirectInputEvents = YES;
				INFOPLIST_KEY_UILaunchStoryboardName = LaunchScreen;
				INFOPLIST_KEY_UIMainStoryboardFile = Main;
				INFOPLIST_KEY_UISupportedInterfaceOrientations = UIInterfaceOrientationPortrait;
				INFOPLIST_KEY_UISupportedInterfaceOrientations_iPad = "UIInterfaceOrientationLandscapeLeft UIInterfaceOrientationLandscapeRight UIInterfaceOrientationPortrait UIInterfaceOrientationPortraitUpsideDown";
				IPHONEOS_DEPLOYMENT_TARGET = 13.0;
				LD_RUNPATH_SEARCH_PATHS = (
					"$(inherited)",
					"@executable_path/Frameworks",
				);
				MARKETING_VERSION = 1.0;
				PRODUCT_BUNDLE_IDENTIFIER = osman.sefa.ibis.SimpraCaseStudy;
				PRODUCT_NAME = "$(TARGET_NAME)";
				SUPPORTED_PLATFORMS = "iphoneos iphonesimulator";
				SUPPORTS_MACCATALYST = NO;
				SUPPORTS_MAC_DESIGNED_FOR_IPHONE_IPAD = NO;
				SWIFT_EMIT_LOC_STRINGS = YES;
				SWIFT_VERSION = 5.0;
				TARGETED_DEVICE_FAMILY = 1;
			};
			name = Release;
		};
/* End XCBuildConfiguration section */

/* Begin XCConfigurationList section */
		9615164B29759F01003BE2A5 /* Build configuration list for PBXProject "SimpraCaseStudy" */ = {
			isa = XCConfigurationList;
			buildConfigurations = (
				9615166529759F02003BE2A5 /* Debug */,
				9615166629759F02003BE2A5 /* Release */,
			);
			defaultConfigurationIsVisible = 0;
			defaultConfigurationName = Release;
		};
		9615166729759F02003BE2A5 /* Build configuration list for PBXNativeTarget "SimpraCaseStudy" */ = {
			isa = XCConfigurationList;
			buildConfigurations = (
				9615166829759F02003BE2A5 /* Debug */,
				9615166929759F02003BE2A5 /* Release */,
			);
			defaultConfigurationIsVisible = 0;
			defaultConfigurationName = Release;
		};
/* End XCConfigurationList section */

/* Begin XCRemoteSwiftPackageReference section */
		9646FD47297BF6DC005169FF /* XCRemoteSwiftPackageReference "Kingfisher" */ = {
			isa = XCRemoteSwiftPackageReference;
			repositoryURL = "https://github.com/onevcat/Kingfisher";
			requirement = {
				branch = master;
				kind = branch;
			};
		};
		9646FD4A297BF70E005169FF /* XCRemoteSwiftPackageReference "Alamofire" */ = {
			isa = XCRemoteSwiftPackageReference;
			repositoryURL = "https://github.com/Alamofire/Alamofire";
			requirement = {
				branch = master;
				kind = branch;
			};
		};
/* End XCRemoteSwiftPackageReference section */

/* Begin XCSwiftPackageProductDependency section */
		9646FD48297BF6DC005169FF /* Kingfisher */ = {
			isa = XCSwiftPackageProductDependency;
			package = 9646FD47297BF6DC005169FF /* XCRemoteSwiftPackageReference "Kingfisher" */;
			productName = Kingfisher;
		};
		9646FD4B297BF70E005169FF /* Alamofire */ = {
			isa = XCSwiftPackageProductDependency;
			package = 9646FD4A297BF70E005169FF /* XCRemoteSwiftPackageReference "Alamofire" */;
			productName = Alamofire;
		};
/* End XCSwiftPackageProductDependency section */

/* Begin XCVersionGroup section */
		9615165C29759F01003BE2A5 /* SimpraCaseStudy.xcdatamodeld */ = {
			isa = XCVersionGroup;
			children = (
				9615165D29759F01003BE2A5 /* SimpraCaseStudy.xcdatamodel */,
			);
			currentVersion = 9615165D29759F01003BE2A5 /* SimpraCaseStudy.xcdatamodel */;
			path = SimpraCaseStudy.xcdatamodeld;
			sourceTree = "<group>";
			versionGroupType = wrapper.xcdatamodel;
		};
/* End XCVersionGroup section */
	};
	rootObject = 9615164829759F01003BE2A5 /* Project object */;
}
